
Microsoft Visual Studio Solution File, Format Version 12.00
# Visual Studio 14
VisualStudioVersion = 14.0.25420.1
MinimumVisualStudioVersion = 10.0.40219.1
Project("{00D1A9C2-B5F0-4AF3-8072-F6C62B433612}") = "FMAA.Database", "FMAA.Database\FMAA.Database.sqlproj", "{5EDABD1E-1384-4927-936D-BE5264B0365D}"
EndProject
Project("{8BB2217D-0F2D-49D1-97BC-3654ED321F3B}") = "FMAA.Web.Api", "FMAA.Web.Api\FMAA.Web.Api.xproj", "{A3C666D7-DEF5-466A-BA31-5A539618ACC1}"
EndProject
Project("{8BB2217D-0F2D-49D1-97BC-3654ED321F3B}") = "FMAA.Data.Mapping", "FMAA.Data.Mapping\FMAA.Data.Mapping.xproj", "{EB5EC42C-2425-4DDA-A242-00CB89891888}"
EndProject
Project("{8BB2217D-0F2D-49D1-97BC-3654ED321F3B}") = "FMAA.WebApi.Tests", "FMAA.WebApi.Tests\FMAA.WebApi.Tests.xproj", "{F1148822-1D91-43AC-884B-1410E675E60C}"
EndProject
Project("{8BB2217D-0F2D-49D1-97BC-3654ED321F3B}") = "FMAA.Web.Api.Models", "FMAA.Web.Api.Models\FMAA.Web.Api.Models.xproj", "{780ED90E-8C53-452D-B599-48C8E1278E16}"
EndProject
Project("{8BB2217D-0F2D-49D1-97BC-3654ED321F3B}") = "FMAA.BLL.Tests", "FMAA.BLL.Tests\FMAA.BLL.Tests.xproj", "{EC4657E2-2241-4420-B788-4B9552C85467}"
EndProject
Project("{8BB2217D-0F2D-49D1-97BC-3654ED321F3B}") = "FMAA.DAL.Interfaces", "FMAA.DAL.Interfaces\FMAA.DAL.Interfaces.xproj", "{B257BE4A-520D-4BC5-9EDD-17EF073D244B}"
EndProject
Project("{8BB2217D-0F2D-49D1-97BC-3654ED321F3B}") = "FMAA.DAL", "FMAA.DAL\FMAA.DAL.xproj", "{7F230FFC-EC05-417F-9B8D-A1DBE7BF28A3}"
EndProject
Project("{8BB2217D-0F2D-49D1-97BC-3654ED321F3B}") = "FMAA.Data", "FMAA.Data\FMAA.Data.xproj", "{D06D7697-D0A0-4866-B607-E45CD63A3346}"
EndProject
Project("{8BB2217D-0F2D-49D1-97BC-3654ED321F3B}") = "FMAA.BLL.Interfaces", "FMAA.BLL.Interfaces\FMAA.BLL.Interfaces.xproj", "{4BBA40EB-3D10-470B-8CDD-D0242EEE79F7}"
EndProject
Project("{8BB2217D-0F2D-49D1-97BC-3654ED321F3B}") = "FMAA.BLL", "FMAA.BLL\FMAA.BLL.xproj", "{C8495205-31FF-412D-9EAA-4EE3C29D7593}"
EndProject
Project("{8BB2217D-0F2D-49D1-97BC-3654ED321F3B}") = "FMAA.Database.Sqlite", "FMAA.Database.Sqlite\FMAA.Database.Sqlite.xproj", "{312EFF53-9A4A-46DF-9D3C-BC81F554249B}"
EndProject
Project("{8BB2217D-0F2D-49D1-97BC-3654ED321F3B}") = "DBTest", "DBTest\DBTest.xproj", "{884E3762-CBC1-4891-8598-6ACC4DABD1DF}"
EndProject
Global
	GlobalSection(SolutionConfigurationPlatforms) = preSolution
		Debug|Any CPU = Debug|Any CPU
		Release|Any CPU = Release|Any CPU
	EndGlobalSection
	GlobalSection(ProjectConfigurationPlatforms) = postSolution
		{5EDABD1E-1384-4927-936D-BE5264B0365D}.Debug|Any CPU.ActiveCfg = Debug|Any CPU
		{5EDABD1E-1384-4927-936D-BE5264B0365D}.Debug|Any CPU.Build.0 = Debug|Any CPU
		{5EDABD1E-1384-4927-936D-BE5264B0365D}.Debug|Any CPU.Deploy.0 = Debug|Any CPU
		{5EDABD1E-1384-4927-936D-BE5264B0365D}.Release|Any CPU.ActiveCfg = Release|Any CPU
		{5EDABD1E-1384-4927-936D-BE5264B0365D}.Release|Any CPU.Build.0 = Release|Any CPU
		{5EDABD1E-1384-4927-936D-BE5264B0365D}.Release|Any CPU.Deploy.0 = Release|Any CPU
		{A3C666D7-DEF5-466A-BA31-5A539618ACC1}.Debug|Any CPU.ActiveCfg = Debug|Any CPU
		{A3C666D7-DEF5-466A-BA31-5A539618ACC1}.Debug|Any CPU.Build.0 = Debug|Any CPU
		{A3C666D7-DEF5-466A-BA31-5A539618ACC1}.Release|Any CPU.ActiveCfg = Release|Any CPU
		{A3C666D7-DEF5-466A-BA31-5A539618ACC1}.Release|Any CPU.Build.0 = Release|Any CPU
		{EB5EC42C-2425-4DDA-A242-00CB89891888}.Debug|Any CPU.ActiveCfg = Debug|Any CPU
		{EB5EC42C-2425-4DDA-A242-00CB89891888}.Debug|Any CPU.Build.0 = Debug|Any CPU
		{EB5EC42C-2425-4DDA-A242-00CB89891888}.Release|Any CPU.ActiveCfg = Release|Any CPU
		{EB5EC42C-2425-4DDA-A242-00CB89891888}.Release|Any CPU.Build.0 = Release|Any CPU
		{F1148822-1D91-43AC-884B-1410E675E60C}.Debug|Any CPU.ActiveCfg = Debug|Any CPU
		{F1148822-1D91-43AC-884B-1410E675E60C}.Debug|Any CPU.Build.0 = Debug|Any CPU
		{F1148822-1D91-43AC-884B-1410E675E60C}.Release|Any CPU.ActiveCfg = Release|Any CPU
		{F1148822-1D91-43AC-884B-1410E675E60C}.Release|Any CPU.Build.0 = Release|Any CPU
		{780ED90E-8C53-452D-B599-48C8E1278E16}.Debug|Any CPU.ActiveCfg = Debug|Any CPU
		{780ED90E-8C53-452D-B599-48C8E1278E16}.Debug|Any CPU.Build.0 = Debug|Any CPU
		{780ED90E-8C53-452D-B599-48C8E1278E16}.Release|Any CPU.ActiveCfg = Release|Any CPU
		{780ED90E-8C53-452D-B599-48C8E1278E16}.Release|Any CPU.Build.0 = Release|Any CPU
		{EC4657E2-2241-4420-B788-4B9552C85467}.Debug|Any CPU.ActiveCfg = Debug|Any CPU
		{EC4657E2-2241-4420-B788-4B9552C85467}.Debug|Any CPU.Build.0 = Debug|Any CPU
		{EC4657E2-2241-4420-B788-4B9552C85467}.Release|Any CPU.ActiveCfg = Release|Any CPU
		{EC4657E2-2241-4420-B788-4B9552C85467}.Release|Any CPU.Build.0 = Release|Any CPU
		{B257BE4A-520D-4BC5-9EDD-17EF073D244B}.Debug|Any CPU.ActiveCfg = Debug|Any CPU
		{B257BE4A-520D-4BC5-9EDD-17EF073D244B}.Debug|Any CPU.Build.0 = Debug|Any CPU
		{B257BE4A-520D-4BC5-9EDD-17EF073D244B}.Release|Any CPU.ActiveCfg = Release|Any CPU
		{B257BE4A-520D-4BC5-9EDD-17EF073D244B}.Release|Any CPU.Build.0 = Release|Any CPU
		{7F230FFC-EC05-417F-9B8D-A1DBE7BF28A3}.Debug|Any CPU.ActiveCfg = Debug|Any CPU
		{7F230FFC-EC05-417F-9B8D-A1DBE7BF28A3}.Debug|Any CPU.Build.0 = Debug|Any CPU
		{7F230FFC-EC05-417F-9B8D-A1DBE7BF28A3}.Release|Any CPU.ActiveCfg = Release|Any CPU
		{7F230FFC-EC05-417F-9B8D-A1DBE7BF28A3}.Release|Any CPU.Build.0 = Release|Any CPU
		{D06D7697-D0A0-4866-B607-E45CD63A3346}.Debug|Any CPU.ActiveCfg = Debug|Any CPU
		{D06D7697-D0A0-4866-B607-E45CD63A3346}.Debug|Any CPU.Build.0 = Debug|Any CPU
		{D06D7697-D0A0-4866-B607-E45CD63A3346}.Release|Any CPU.ActiveCfg = Release|Any CPU
		{D06D7697-D0A0-4866-B607-E45CD63A3346}.Release|Any CPU.Build.0 = Release|Any CPU
		{4BBA40EB-3D10-470B-8CDD-D0242EEE79F7}.Debug|Any CPU.ActiveCfg = Debug|Any CPU
		{4BBA40EB-3D10-470B-8CDD-D0242EEE79F7}.Debug|Any CPU.Build.0 = Debug|Any CPU
		{4BBA40EB-3D10-470B-8CDD-D0242EEE79F7}.Release|Any CPU.ActiveCfg = Release|Any CPU
		{4BBA40EB-3D10-470B-8CDD-D0242EEE79F7}.Release|Any CPU.Build.0 = Release|Any CPU
		{C8495205-31FF-412D-9EAA-4EE3C29D7593}.Debug|Any CPU.ActiveCfg = Debug|Any CPU
		{C8495205-31FF-412D-9EAA-4EE3C29D7593}.Debug|Any CPU.Build.0 = Debug|Any CPU
		{C8495205-31FF-412D-9EAA-4EE3C29D7593}.Release|Any CPU.ActiveCfg = Release|Any CPU
		{C8495205-31FF-412D-9EAA-4EE3C29D7593}.Release|Any CPU.Build.0 = Release|Any CPU
		{312EFF53-9A4A-46DF-9D3C-BC81F554249B}.Debug|Any CPU.ActiveCfg = Debug|Any CPU
		{312EFF53-9A4A-46DF-9D3C-BC81F554249B}.Debug|Any CPU.Build.0 = Debug|Any CPU
		{312EFF53-9A4A-46DF-9D3C-BC81F554249B}.Release|Any CPU.ActiveCfg = Release|Any CPU
		{312EFF53-9A4A-46DF-9D3C-BC81F554249B}.Release|Any CPU.Build.0 = Release|Any CPU
		{884E3762-CBC1-4891-8598-6ACC4DABD1DF}.Debug|Any CPU.ActiveCfg = Debug|Any CPU
		{884E3762-CBC1-4891-8598-6ACC4DABD1DF}.Debug|Any CPU.Build.0 = Debug|Any CPU
		{884E3762-CBC1-4891-8598-6ACC4DABD1DF}.Release|Any CPU.ActiveCfg = Release|Any CPU
		{884E3762-CBC1-4891-8598-6ACC4DABD1DF}.Release|Any CPU.Build.0 = Release|Any CPU
	EndGlobalSection
	GlobalSection(SolutionProperties) = preSolution
		HideSolutionNode = FALSE
	EndGlobalSection
EndGlobal
